
Microsoft Visual Studio Solution File, Format Version 12.00
# Visual Studio 15
VisualStudioVersion = 15.0.27130.2036
MinimumVisualStudioVersion = 10.0.40219.1
Project("{9A19103F-16F7-4668-BE54-9A1E7A4F7556}") = "SFA.DAS.PSRService.Web", "SFA.DAS.PSRService.Web\SFA.DAS.PSRService.Web.csproj", "{CC8BD1D6-B3DB-454C-BC39-C035ED99CF56}"
EndProject
Project("{9A19103F-16F7-4668-BE54-9A1E7A4F7556}") = "SFA.DAS.PSRService.Web.UnitTests", "SFA.DAS.PSRService.Web.UnitTests\SFA.DAS.PSRService.Web.UnitTests.csproj", "{F8E42D52-9A76-4475-92FA-CF8FF286EF4C}"
EndProject
Project("{2150E333-8FDC-42A3-9474-1A3956D46DE8}") = "Tests", "Tests", "{EB54D000-867F-48CA-AE28-BDBE0CCE1322}"
EndProject
Project("{9A19103F-16F7-4668-BE54-9A1E7A4F7556}") = "SFA.DAS.PSRService.Domain", "SFA.DAS.PSRService.Domain\SFA.DAS.PSRService.Domain.csproj", "{95283279-6151-4580-A781-93903696A1A2}"
EndProject
Project("{9A19103F-16F7-4668-BE54-9A1E7A4F7556}") = "SFA.DAS.PSRService.Application", "SFA.DAS.PSRService.Application\SFA.DAS.PSRService.Application.csproj", "{AC67EDD9-70F9-4A60-B7D3-74E1434D8800}"
EndProject
Project("{9A19103F-16F7-4668-BE54-9A1E7A4F7556}") = "SFA.DAS.PSRService.Application.UnitTests", "SFA.DAS.PSRService.Application.UnitTests\SFA.DAS.PSRService.Application.UnitTests.csproj", "{4C41B95D-C9E5-461A-B198-F1F36A61176A}"
EndProject
Project("{9A19103F-16F7-4668-BE54-9A1E7A4F7556}") = "SFA.DAS.PSRService.Data", "SFA.DAS.PSRService.Data\SFA.DAS.PSRService.Data.csproj", "{A5A5E353-A6B4-4809-83F4-1199572AAF11}"
EndProject
Project("{2150E333-8FDC-42A3-9474-1A3956D46DE8}") = "Azure", "Azure", "{F85262CD-4210-4352-B691-30F40D99B4D2}"
	ProjectSection(SolutionItems) = preProject
		AzureTopicConfigurationStrucuture.json = AzureTopicConfigurationStrucuture.json
		..\azure\parameters.json = ..\azure\parameters.json
		..\azure\template.json = ..\azure\template.json
	EndProjectSection
EndProject
Project("{2150E333-8FDC-42A3-9474-1A3956D46DE8}") = "deployments", "deployments", "{3B16AB0E-5C83-4E5D-82B0-7021AB4C5B9F}"
	ProjectSection(SolutionItems) = preProject
		..\azure\deployments\app-service-resources.json = ..\azure\deployments\app-service-resources.json
	EndProjectSection
EndProject
Project("{00D1A9C2-B5F0-4AF3-8072-F6C62B433612}") = "SFA.DAS.PSRService.Database", "SFA.DAS.PSRService.Database\SFA.DAS.PSRService.Database.sqlproj", "{1DC90FAB-1424-474D-90DC-FBFCC7CBD362}"
EndProject
Project("{9A19103F-16F7-4668-BE54-9A1E7A4F7556}") = "SFA.DAS.PSRService.Api.Types", "SFA.DAS.PSRService.Api.Types\SFA.DAS.PSRService.Api.Types\SFA.DAS.PSRService.Api.Types.csproj", "{C523CB89-E7EE-4A19-8D85-6C3F42387FF9}"
EndProject
Project("{FAE04EC0-301F-11D3-BF4B-00C04F79EFBC}") = "SFA.DAS.PSRService.Api", "SFA.DAS.PSRService.Api\SFA.DAS.PSRService.Api.csproj", "{A28B76DE-9DA1-446F-8FDE-0F6B9A23914C}"
EndProject
Project("{FAE04EC0-301F-11D3-BF4B-00C04F79EFBC}") = "SFA.DAS.PSRService.Api.Client", "SFA.DAS.PSRService.Api.Client\SFA.DAS.PSRService.Api.Client.csproj", "{A26B17FB-802B-4A2B-BC4C-1E1988F70644}"
EndProject
Global
	GlobalSection(SolutionConfigurationPlatforms) = preSolution
		Debug|Any CPU = Debug|Any CPU
		Release|Any CPU = Release|Any CPU
	EndGlobalSection
	GlobalSection(ProjectConfigurationPlatforms) = postSolution
		{CC8BD1D6-B3DB-454C-BC39-C035ED99CF56}.Debug|Any CPU.ActiveCfg = Debug|Any CPU
		{CC8BD1D6-B3DB-454C-BC39-C035ED99CF56}.Debug|Any CPU.Build.0 = Debug|Any CPU
		{CC8BD1D6-B3DB-454C-BC39-C035ED99CF56}.Release|Any CPU.ActiveCfg = Release|Any CPU
		{CC8BD1D6-B3DB-454C-BC39-C035ED99CF56}.Release|Any CPU.Build.0 = Release|Any CPU
		{F8E42D52-9A76-4475-92FA-CF8FF286EF4C}.Debug|Any CPU.ActiveCfg = Debug|Any CPU
		{F8E42D52-9A76-4475-92FA-CF8FF286EF4C}.Debug|Any CPU.Build.0 = Debug|Any CPU
		{F8E42D52-9A76-4475-92FA-CF8FF286EF4C}.Release|Any CPU.ActiveCfg = Release|Any CPU
		{F8E42D52-9A76-4475-92FA-CF8FF286EF4C}.Release|Any CPU.Build.0 = Release|Any CPU
		{95283279-6151-4580-A781-93903696A1A2}.Debug|Any CPU.ActiveCfg = Debug|Any CPU
		{95283279-6151-4580-A781-93903696A1A2}.Debug|Any CPU.Build.0 = Debug|Any CPU
		{95283279-6151-4580-A781-93903696A1A2}.Release|Any CPU.ActiveCfg = Release|Any CPU
		{95283279-6151-4580-A781-93903696A1A2}.Release|Any CPU.Build.0 = Release|Any CPU
		{AC67EDD9-70F9-4A60-B7D3-74E1434D8800}.Debug|Any CPU.ActiveCfg = Debug|Any CPU
		{AC67EDD9-70F9-4A60-B7D3-74E1434D8800}.Debug|Any CPU.Build.0 = Debug|Any CPU
		{AC67EDD9-70F9-4A60-B7D3-74E1434D8800}.Release|Any CPU.ActiveCfg = Release|Any CPU
		{AC67EDD9-70F9-4A60-B7D3-74E1434D8800}.Release|Any CPU.Build.0 = Release|Any CPU
		{4C41B95D-C9E5-461A-B198-F1F36A61176A}.Debug|Any CPU.ActiveCfg = Debug|Any CPU
		{4C41B95D-C9E5-461A-B198-F1F36A61176A}.Debug|Any CPU.Build.0 = Debug|Any CPU
		{4C41B95D-C9E5-461A-B198-F1F36A61176A}.Release|Any CPU.ActiveCfg = Release|Any CPU
		{4C41B95D-C9E5-461A-B198-F1F36A61176A}.Release|Any CPU.Build.0 = Release|Any CPU
		{A5A5E353-A6B4-4809-83F4-1199572AAF11}.Debug|Any CPU.ActiveCfg = Debug|Any CPU
		{A5A5E353-A6B4-4809-83F4-1199572AAF11}.Debug|Any CPU.Build.0 = Debug|Any CPU
		{A5A5E353-A6B4-4809-83F4-1199572AAF11}.Release|Any CPU.ActiveCfg = Release|Any CPU
		{A5A5E353-A6B4-4809-83F4-1199572AAF11}.Release|Any CPU.Build.0 = Release|Any CPU
		{1DC90FAB-1424-474D-90DC-FBFCC7CBD362}.Debug|Any CPU.ActiveCfg = Debug|Any CPU
		{1DC90FAB-1424-474D-90DC-FBFCC7CBD362}.Debug|Any CPU.Build.0 = Debug|Any CPU
		{1DC90FAB-1424-474D-90DC-FBFCC7CBD362}.Debug|Any CPU.Deploy.0 = Debug|Any CPU
		{1DC90FAB-1424-474D-90DC-FBFCC7CBD362}.Release|Any CPU.ActiveCfg = Release|Any CPU
		{1DC90FAB-1424-474D-90DC-FBFCC7CBD362}.Release|Any CPU.Build.0 = Release|Any CPU
		{1DC90FAB-1424-474D-90DC-FBFCC7CBD362}.Release|Any CPU.Deploy.0 = Release|Any CPU
		{C523CB89-E7EE-4A19-8D85-6C3F42387FF9}.Debug|Any CPU.ActiveCfg = Debug|Any CPU
		{C523CB89-E7EE-4A19-8D85-6C3F42387FF9}.Debug|Any CPU.Build.0 = Debug|Any CPU
		{C523CB89-E7EE-4A19-8D85-6C3F42387FF9}.Release|Any CPU.ActiveCfg = Release|Any CPU
		{C523CB89-E7EE-4A19-8D85-6C3F42387FF9}.Release|Any CPU.Build.0 = Release|Any CPU
		{A28B76DE-9DA1-446F-8FDE-0F6B9A23914C}.Debug|Any CPU.ActiveCfg = Debug|Any CPU
		{A28B76DE-9DA1-446F-8FDE-0F6B9A23914C}.Debug|Any CPU.Build.0 = Debug|Any CPU
		{A28B76DE-9DA1-446F-8FDE-0F6B9A23914C}.Release|Any CPU.ActiveCfg = Release|Any CPU
		{A28B76DE-9DA1-446F-8FDE-0F6B9A23914C}.Release|Any CPU.Build.0 = Release|Any CPU
		{A26B17FB-802B-4A2B-BC4C-1E1988F70644}.Debug|Any CPU.ActiveCfg = Debug|Any CPU
		{A26B17FB-802B-4A2B-BC4C-1E1988F70644}.Debug|Any CPU.Build.0 = Debug|Any CPU
		{A26B17FB-802B-4A2B-BC4C-1E1988F70644}.Release|Any CPU.ActiveCfg = Release|Any CPU
		{A26B17FB-802B-4A2B-BC4C-1E1988F70644}.Release|Any CPU.Build.0 = Release|Any CPU
	EndGlobalSection
	GlobalSection(SolutionProperties) = preSolution
		HideSolutionNode = FALSE
	EndGlobalSection
	GlobalSection(NestedProjects) = preSolution
		{F8E42D52-9A76-4475-92FA-CF8FF286EF4C} = {EB54D000-867F-48CA-AE28-BDBE0CCE1322}
		{4C41B95D-C9E5-461A-B198-F1F36A61176A} = {EB54D000-867F-48CA-AE28-BDBE0CCE1322}
		{3B16AB0E-5C83-4E5D-82B0-7021AB4C5B9F} = {F85262CD-4210-4352-B691-30F40D99B4D2}
	EndGlobalSection
	GlobalSection(ExtensibilityGlobals) = postSolution
		SolutionGuid = {C5B677B2-0D72-4629-A5FD-F94B00EC858B}
	EndGlobalSection
EndGlobal
